SITE
  remote: http://community.opscode.com/api/v1
  specs:
    dmg (1.1.0)

GIT
  remote: https://github.com/fnichol/chef-rbenv
  ref: master
  sha: 3b1c59abc1134a50b0b8844954eca9a566aaffb8
  specs:
    rbenv (0.7.3)

GIT
  remote: https://github.com/fnichol/chef-ruby_build
  ref: master
  sha: c940b5e9cd40eaba10d6285de6648f4d25fe959d
  specs:
    ruby_build (0.7.2)

GIT
  remote: https://github.com/kitchenplan/chef-applications
  ref: master
  sha: ef2aee8d87850feae844bda924cfb1a3154be044
  specs:
    applications (0.0.1)
      dmg (>= 0.0.0)

GIT
  remote: https://github.com/kitchenplan/chef-dotfiles
  ref: master
  sha: d609aa3b976fada7c997c9447614c5398bb828dd
  specs:
    dotfiles (0.0.1)
      homebrew (>= 0.0.0)

GIT
  remote: https://github.com/kitchenplan/chef-drivers
  ref: master
  sha: bc8c1a08d5c3943668c3c5bd0bd58a95daff1707
  specs:
    drivers (0.0.1)

GIT
  remote: https://github.com/kitchenplan/chef-homebrew
  ref: master
  sha: 32eaab6c947970b9dc5b8321ec759ca5b2de4289
  specs:
    homebrew (0.0.1)

GIT
  remote: https://github.com/kitchenplan/chef-osxdefaults
  ref: master
  sha: 616f41a244c784d69bd0b5de048daaa913a60e1c
  specs:
    osxdefaults (0.0.1)

DEPENDENCIES
  applications (>= 0)
  dmg (>= 0)
  dotfiles (>= 0)
  drivers (>= 0)
  homebrew (>= 0)
  osxdefaults (>= 0)
  rbenv (>= 0)
  ruby_build (>= 0)

