SITE
  remote: http://community.opscode.com/api/v1
  specs:
    dmg (1.1.0)

GIT
  remote: https://github.com/Kitchenplan/chef-applications.git
  ref: master
  sha: 51dc642cb92f674921d7db5f3a6c196620ab600a
  specs:
    applications (0.0.1)
      dmg (>= 0.0.0)

GIT
  remote: https://github.com/Kitchenplan/chef-homebrew.git
  ref: master
  sha: c64cd2c3a4a6feb7047c9d032fadf6569c348039
  specs:
    homebrew (0.0.1)

GIT
  remote: https://github.com/fnichol/chef-rbenv
  ref: master
  sha: 3b1c59abc1134a50b0b8844954eca9a566aaffb8
  specs:
    rbenv (0.7.3)

GIT
  remote: https://github.com/fnichol/chef-ruby_build
  ref: master
  sha: c940b5e9cd40eaba10d6285de6648f4d25fe959d
  specs:
    ruby_build (0.7.2)

DEPENDENCIES
  applications (>= 0)
  dmg (>= 0)
  homebrew (>= 0)
  rbenv (>= 0)
  ruby_build (>= 0)

